
Microsoft Visual Studio Solution File, Format Version 12.00
# Visual Studio 2013
VisualStudioVersion = 12.0.40629.0
MinimumVisualStudioVersion = 10.0.40219.1
Project("{E24C65DC-7377-472B-9ABA-BC803B73C61A}") = "translator", "http://localhost:52943", "{BB59A25F-51A7-46C0-8791-896D62192A82}"
	ProjectSection(WebsiteProperties) = preProject
		UseIISExpress = "true"
		TargetFrameworkMoniker = ".NETFramework,Version%3Dv4.5"
		Debug.AspNetCompiler.VirtualPath = "/localhost_52943"
		Debug.AspNetCompiler.PhysicalPath = "..\..\..\..\..\..\APM_Setup\htdocs\translator\"
		Debug.AspNetCompiler.TargetPath = "PrecompiledWeb\localhost_52943\"
		Debug.AspNetCompiler.Updateable = "true"
		Debug.AspNetCompiler.ForceOverwrite = "true"
		Debug.AspNetCompiler.FixedNames = "false"
		Debug.AspNetCompiler.Debug = "True"
		Release.AspNetCompiler.VirtualPath = "/localhost_52943"
		Release.AspNetCompiler.PhysicalPath = "..\..\..\..\..\..\APM_Setup\htdocs\translator\"
		Release.AspNetCompiler.TargetPath = "PrecompiledWeb\localhost_52943\"
		Release.AspNetCompiler.Updateable = "true"
		Release.AspNetCompiler.ForceOverwrite = "true"
		Release.AspNetCompiler.FixedNames = "false"
		Release.AspNetCompiler.Debug = "False"
		SlnRelativePath = "..\..\..\..\..\..\APM_Setup\htdocs\translator\"
	EndProjectSection
EndProject
Global
	GlobalSection(SolutionConfigurationPlatforms) = preSolution
		Debug|Any CPU = Debug|Any CPU
	EndGlobalSection
	GlobalSection(ProjectConfigurationPlatforms) = postSolution
		{BB59A25F-51A7-46C0-8791-896D62192A82}.Debug|Any CPU.ActiveCfg = Debug|Any CPU
		{BB59A25F-51A7-46C0-8791-896D62192A82}.Debug|Any CPU.Build.0 = Debug|Any CPU
	EndGlobalSection
	GlobalSection(SolutionProperties) = preSolution
		HideSolutionNode = FALSE
	EndGlobalSection
EndGlobal
